
Microsoft Visual Studio Solution File, Format Version 12.00
# Visual Studio Version 17
VisualStudioVersion = 17.7.34202.233
MinimumVisualStudioVersion = 10.0.40219.1
Project("{FAE04EC0-301F-11D3-BF4B-00C04F79EFBC}") = "Flash", "Flash\Flash.csproj", "{A8516485-C568-42AE-886A-4975B504895A}"
EndProject
Global
	GlobalSection(SolutionConfigurationPlatforms) = preSolution
		Debug|Any CPU = Debug|Any CPU
		Release|Any CPU = Release|Any CPU
	EndGlobalSection
	GlobalSection(ProjectConfigurationPlatforms) = postSolution
		{A8516485-C568-42AE-886A-4975B504895A}.Debug|Any CPU.ActiveCfg = Debug|Any CPU
		{A8516485-C568-42AE-886A-4975B504895A}.Debug|Any CPU.Build.0 = Debug|Any CPU
		{A8516485-C568-42AE-886A-4975B504895A}.Release|Any CPU.ActiveCfg = Release|Any CPU
		{A8516485-C568-42AE-886A-4975B504895A}.Release|Any CPU.Build.0 = Release|Any CPU
	EndGlobalSection
	GlobalSection(SolutionProperties) = preSolution
		HideSolutionNode = FALSE
	EndGlobalSection
	GlobalSection(ExtensibilityGlobals) = postSolution
		SolutionGuid = {18B9F441-E5EC-4627-A7D5-17FA1BE93A2B}
	EndGlobalSection
EndGlobal
